
Microsoft Visual Studio Solution File, Format Version 12.00
# Visual Studio Version 17
VisualStudioVersion = 17.8.34511.84
MinimumVisualStudioVersion = 10.0.40219.1
Project("{2150E333-8FDC-42A3-9474-1A3956D46DE8}") = "src", "src", "{54DCB90F-F9EA-4F2F-A21C-CAF8DED9A2FC}"
EndProject
Project("{2150E333-8FDC-42A3-9474-1A3956D46DE8}") = "test", "test", "{BD75F2AB-F716-4153-AFD3-51FA1AF17DAE}"
EndProject
Project("{FAE04EC0-301F-11D3-BF4B-00C04F79EFBC}") = "OnyxCodingExercise.Api", "src\OnyxCodingExercise.Api\OnyxCodingExercise.Api.csproj", "{D9FE801E-17F0-4D4A-ABDD-CF0543631B78}"
EndProject
Project("{FAE04EC0-301F-11D3-BF4B-00C04F79EFBC}") = "OnyxCodingExercise.Api.Tests", "test\OnyxCodingExercise.Api.Tests\OnyxCodingExercise.Api.Tests.csproj", "{35A34C3C-DEBB-49BE-A0AF-7274444B4DFF}"
EndProject
Project("{FAE04EC0-301F-11D3-BF4B-00C04F79EFBC}") = "OnyxCodingExercise.Domain", "src\OnyxCodingExercise.Domain\OnyxCodingExercise.Domain.csproj", "{16CD5904-1093-424F-9B2D-D56548668985}"
EndProject
Project("{FAE04EC0-301F-11D3-BF4B-00C04F79EFBC}") = "OnyxCodingExercise.Domain.Tests", "test\OnyxCodingExercise.Domain.Tests\OnyxCodingExercise.Domain.Tests.csproj", "{CDF7CB9E-0C5B-45BC-9DE9-5D812ABC6417}"
EndProject
Project("{FAE04EC0-301F-11D3-BF4B-00C04F79EFBC}") = "OnyxCodingExercise.Infrastructure", "src\OnyxCodingExercise.Infrastructure\OnyxCodingExercise.Infrastructure.csproj", "{6AFA80C3-E611-421D-A48C-00D731DA6A59}"
EndProject
Project("{FAE04EC0-301F-11D3-BF4B-00C04F79EFBC}") = "OnyxCodingExercise.Infrastructure.Tests", "test\OnyxCodingExercise.Infrastructure.Tests\OnyxCodingExercise.Infrastructure.Tests.csproj", "{08244ADD-2526-4352-BECD-328C286C55A4}"
EndProject
Project("{2150E333-8FDC-42A3-9474-1A3956D46DE8}") = "Solution Items", "Solution Items", "{5231A667-09E0-4F6A-B828-E389D96E84D5}"
	ProjectSection(SolutionItems) = preProject
		README.md = README.md
	EndProjectSection
EndProject
Global
	GlobalSection(SolutionConfigurationPlatforms) = preSolution
		Debug|Any CPU = Debug|Any CPU
		Release|Any CPU = Release|Any CPU
	EndGlobalSection
	GlobalSection(ProjectConfigurationPlatforms) = postSolution
		{D9FE801E-17F0-4D4A-ABDD-CF0543631B78}.Debug|Any CPU.ActiveCfg = Debug|Any CPU
		{D9FE801E-17F0-4D4A-ABDD-CF0543631B78}.Debug|Any CPU.Build.0 = Debug|Any CPU
		{D9FE801E-17F0-4D4A-ABDD-CF0543631B78}.Release|Any CPU.ActiveCfg = Release|Any CPU
		{D9FE801E-17F0-4D4A-ABDD-CF0543631B78}.Release|Any CPU.Build.0 = Release|Any CPU
		{35A34C3C-DEBB-49BE-A0AF-7274444B4DFF}.Debug|Any CPU.ActiveCfg = Debug|Any CPU
		{35A34C3C-DEBB-49BE-A0AF-7274444B4DFF}.Debug|Any CPU.Build.0 = Debug|Any CPU
		{35A34C3C-DEBB-49BE-A0AF-7274444B4DFF}.Release|Any CPU.ActiveCfg = Release|Any CPU
		{35A34C3C-DEBB-49BE-A0AF-7274444B4DFF}.Release|Any CPU.Build.0 = Release|Any CPU
		{16CD5904-1093-424F-9B2D-D56548668985}.Debug|Any CPU.ActiveCfg = Debug|Any CPU
		{16CD5904-1093-424F-9B2D-D56548668985}.Debug|Any CPU.Build.0 = Debug|Any CPU
		{16CD5904-1093-424F-9B2D-D56548668985}.Release|Any CPU.ActiveCfg = Release|Any CPU
		{16CD5904-1093-424F-9B2D-D56548668985}.Release|Any CPU.Build.0 = Release|Any CPU
		{CDF7CB9E-0C5B-45BC-9DE9-5D812ABC6417}.Debug|Any CPU.ActiveCfg = Debug|Any CPU
		{CDF7CB9E-0C5B-45BC-9DE9-5D812ABC6417}.Debug|Any CPU.Build.0 = Debug|Any CPU
		{CDF7CB9E-0C5B-45BC-9DE9-5D812ABC6417}.Release|Any CPU.ActiveCfg = Release|Any CPU
		{CDF7CB9E-0C5B-45BC-9DE9-5D812ABC6417}.Release|Any CPU.Build.0 = Release|Any CPU
		{6AFA80C3-E611-421D-A48C-00D731DA6A59}.Debug|Any CPU.ActiveCfg = Debug|Any CPU
		{6AFA80C3-E611-421D-A48C-00D731DA6A59}.Debug|Any CPU.Build.0 = Debug|Any CPU
		{6AFA80C3-E611-421D-A48C-00D731DA6A59}.Release|Any CPU.ActiveCfg = Release|Any CPU
		{6AFA80C3-E611-421D-A48C-00D731DA6A59}.Release|Any CPU.Build.0 = Release|Any CPU
		{08244ADD-2526-4352-BECD-328C286C55A4}.Debug|Any CPU.ActiveCfg = Debug|Any CPU
		{08244ADD-2526-4352-BECD-328C286C55A4}.Debug|Any CPU.Build.0 = Debug|Any CPU
		{08244ADD-2526-4352-BECD-328C286C55A4}.Release|Any CPU.ActiveCfg = Release|Any CPU
		{08244ADD-2526-4352-BECD-328C286C55A4}.Release|Any CPU.Build.0 = Release|Any CPU
	EndGlobalSection
	GlobalSection(SolutionProperties) = preSolution
		HideSolutionNode = FALSE
	EndGlobalSection
	GlobalSection(NestedProjects) = preSolution
		{D9FE801E-17F0-4D4A-ABDD-CF0543631B78} = {54DCB90F-F9EA-4F2F-A21C-CAF8DED9A2FC}
		{35A34C3C-DEBB-49BE-A0AF-7274444B4DFF} = {BD75F2AB-F716-4153-AFD3-51FA1AF17DAE}
		{16CD5904-1093-424F-9B2D-D56548668985} = {54DCB90F-F9EA-4F2F-A21C-CAF8DED9A2FC}
		{CDF7CB9E-0C5B-45BC-9DE9-5D812ABC6417} = {BD75F2AB-F716-4153-AFD3-51FA1AF17DAE}
		{6AFA80C3-E611-421D-A48C-00D731DA6A59} = {54DCB90F-F9EA-4F2F-A21C-CAF8DED9A2FC}
		{08244ADD-2526-4352-BECD-328C286C55A4} = {BD75F2AB-F716-4153-AFD3-51FA1AF17DAE}
	EndGlobalSection
	GlobalSection(ExtensibilityGlobals) = postSolution
		SolutionGuid = {D20E8E56-6849-4185-86F9-43A46DAC3F5E}
	EndGlobalSection
EndGlobal
